// !$*UTF8*$!
{
	archiveVersion = 1;
	classes = {
	};
	objectVersion = 50;
	objects = {

/* Begin PBXBuildFile section */
		170B8AF020FE69D900989FB3 /* LoginViewController.swift in Sources */ = {isa = PBXBuildFile; fileRef = 170B8AEF20FE69D900989FB3 /* LoginViewController.swift */; };
		17DF005C20FE90B300BAB349 /* Login.storyboard in Resources */ = {isa = PBXBuildFile; fileRef = 17DF005B20FE90B300BAB349 /* Login.storyboard */; };
		17DF005E20FE910200BAB349 /* LaunchScreen.storyboard in Resources */ = {isa = PBXBuildFile; fileRef = 17DF005D20FE910200BAB349 /* LaunchScreen.storyboard */; };
		17DF006020FE961C00BAB349 /* Intern-Job-Listings.storyboard in Resources */ = {isa = PBXBuildFile; fileRef = 17DF005F20FE961C00BAB349 /* Intern-Job-Listings.storyboard */; };
		17DF006220FECDAD00BAB349 /* single arrow.png in Resources */ = {isa = PBXBuildFile; fileRef = 17DF006120FECDAD00BAB349 /* single arrow.png */; };
		407BA0CB3E49AC483F8BEF45 /* Pods_Internie.framework in Frameworks */ = {isa = PBXBuildFile; fileRef = 04037D118CCBE623FDB0BCD6 /* Pods_Internie.framework */; };
		5FC18DF320FD1976008DCEB7 /* AppDelegate.swift in Sources */ = {isa = PBXBuildFile; fileRef = 5FC18DF220FD1976008DCEB7 /* AppDelegate.swift */; };
		5FC18DF520FD1976008DCEB7 /* ViewController.swift in Sources */ = {isa = PBXBuildFile; fileRef = 5FC18DF420FD1976008DCEB7 /* ViewController.swift */; };
		5FC18DF820FD1976008DCEB7 /* Main.storyboard in Resources */ = {isa = PBXBuildFile; fileRef = 5FC18DF620FD1976008DCEB7 /* Main.storyboard */; };
		5FC18DFA20FD197B008DCEB7 /* Assets.xcassets in Resources */ = {isa = PBXBuildFile; fileRef = 5FC18DF920FD197B008DCEB7 /* Assets.xcassets */; };
		D46A3ABC20FE595E00E20EE7 /* GoogleService-Info.plist in Resources */ = {isa = PBXBuildFile; fileRef = D46A3ABB20FE595E00E20EE7 /* GoogleService-Info.plist */; };
/* End PBXBuildFile section */

/* Begin PBXFileReference section */
		04037D118CCBE623FDB0BCD6 /* Pods_Internie.framework */ = {isa = PBXFileReference; explicitFileType = wrapper.framework; includeInIndex = 0; path = Pods_Internie.framework; sourceTree = BUILT_PRODUCTS_DIR; };
		170B8AEF20FE69D900989FB3 /* LoginViewController.swift */ = {isa = PBXFileReference; lastKnownFileType = sourcecode.swift; path = LoginViewController.swift; sourceTree = "<group>"; };
		17DF005B20FE90B300BAB349 /* Login.storyboard */ = {isa = PBXFileReference; lastKnownFileType = file.storyboard; path = Login.storyboard; sourceTree = "<group>"; };
		17DF005D20FE910200BAB349 /* LaunchScreen.storyboard */ = {isa = PBXFileReference; lastKnownFileType = file.storyboard; path = LaunchScreen.storyboard; sourceTree = "<group>"; };
		17DF005F20FE961C00BAB349 /* Intern-Job-Listings.storyboard */ = {isa = PBXFileReference; lastKnownFileType = file.storyboard; path = "Intern-Job-Listings.storyboard"; sourceTree = "<group>"; };
		17DF006120FECDAD00BAB349 /* single arrow.png */ = {isa = PBXFileReference; lastKnownFileType = image.png; name = "single arrow.png"; path = "../../../../single arrow.png"; sourceTree = "<group>"; };
		20D17805D69B65F259BC1B68 /* Pods-Internie.debug.xcconfig */ = {isa = PBXFileReference; includeInIndex = 1; lastKnownFileType = text.xcconfig; name = "Pods-Internie.debug.xcconfig"; path = "Pods/Target Support Files/Pods-Internie/Pods-Internie.debug.xcconfig"; sourceTree = "<group>"; };
		5FC18DEF20FD1976008DCEB7 /* Internie.app */ = {isa = PBXFileReference; explicitFileType = wrapper.application; includeInIndex = 0; path = Internie.app; sourceTree = BUILT_PRODUCTS_DIR; };
		5FC18DF220FD1976008DCEB7 /* AppDelegate.swift */ = {isa = PBXFileReference; lastKnownFileType = sourcecode.swift; path = AppDelegate.swift; sourceTree = "<group>"; };
		5FC18DF420FD1976008DCEB7 /* ViewController.swift */ = {isa = PBXFileReference; lastKnownFileType = sourcecode.swift; path = ViewController.swift; sourceTree = "<group>"; };
		5FC18DF720FD1976008DCEB7 /* Base */ = {isa = PBXFileReference; lastKnownFileType = file.storyboard; name = Base; path = Base.lproj/Main.storyboard; sourceTree = "<group>"; };
		5FC18DF920FD197B008DCEB7 /* Assets.xcassets */ = {isa = PBXFileReference; lastKnownFileType = folder.assetcatalog; path = Assets.xcassets; sourceTree = "<group>"; };
		5FC18DFE20FD197B008DCEB7 /* Info.plist */ = {isa = PBXFileReference; lastKnownFileType = text.plist.xml; path = Info.plist; sourceTree = "<group>"; };
		BD547730F0C35A14AAE0BCE8 /* Pods-Internie.release.xcconfig */ = {isa = PBXFileReference; includeInIndex = 1; lastKnownFileType = text.xcconfig; name = "Pods-Internie.release.xcconfig"; path = "Pods/Target Support Files/Pods-Internie/Pods-Internie.release.xcconfig"; sourceTree = "<group>"; };
		D46A3ABB20FE595E00E20EE7 /* GoogleService-Info.plist */ = {isa = PBXFileReference; fileEncoding = 4; lastKnownFileType = text.plist.xml; path = "GoogleService-Info.plist"; sourceTree = "<group>"; };
/* End PBXFileReference section */

/* Begin PBXFrameworksBuildPhase section */
		5FC18DEC20FD1976008DCEB7 /* Frameworks */ = {
			isa = PBXFrameworksBuildPhase;
			buildActionMask = 2147483647;
			files = (
				407BA0CB3E49AC483F8BEF45 /* Pods_Internie.framework in Frameworks */,
			);
			runOnlyForDeploymentPostprocessing = 0;
		};
/* End PBXFrameworksBuildPhase section */

/* Begin PBXGroup section */
		5FC18DE620FD1975008DCEB7 = {
			isa = PBXGroup;
			children = (
				5FC18DF120FD1976008DCEB7 /* Internie */,
				5FC18DF020FD1976008DCEB7 /* Products */,
				D06C1AF4CE40A7F09AC22A17 /* Pods */,
				91A63F70BEF3AA372394EDD3 /* Frameworks */,
			);
			sourceTree = "<group>";
		};
		5FC18DF020FD1976008DCEB7 /* Products */ = {
			isa = PBXGroup;
			children = (
				5FC18DEF20FD1976008DCEB7 /* Internie.app */,
			);
			name = Products;
			sourceTree = "<group>";
		};
		5FC18DF120FD1976008DCEB7 /* Internie */ = {
			isa = PBXGroup;
			children = (
				5FC18DF220FD1976008DCEB7 /* AppDelegate.swift */,
				D46A3AC420FE5A1D00E20EE7 /* Controllers */,
				D46A3AC320FE5A1400E20EE7 /* Extensions */,
				D46A3AC220FE5A1000E20EE7 /* Helpers */,
				D46A3AC120FE5A0800E20EE7 /* Models */,
				D46A3AC020FE5A0100E20EE7 /* Services */,
				D46A3ABF20FE59FA00E20EE7 /* Storyboards */,
				D46A3ABE20FE59F100E20EE7 /* Supporting Files */,
				D46A3ABD20FE59E400E20EE7 /* Views */,
				5FC18DF920FD197B008DCEB7 /* Assets.xcassets */,
			);
			path = Internie;
			sourceTree = "<group>";
		};
		91A63F70BEF3AA372394EDD3 /* Frameworks */ = {
			isa = PBXGroup;
			children = (
				04037D118CCBE623FDB0BCD6 /* Pods_Internie.framework */,
			);
			name = Frameworks;
			sourceTree = "<group>";
		};
		D06C1AF4CE40A7F09AC22A17 /* Pods */ = {
			isa = PBXGroup;
			children = (
				20D17805D69B65F259BC1B68 /* Pods-Internie.debug.xcconfig */,
				BD547730F0C35A14AAE0BCE8 /* Pods-Internie.release.xcconfig */,
			);
			name = Pods;
			sourceTree = "<group>";
		};
		D46A3ABD20FE59E400E20EE7 /* Views */ = {
			isa = PBXGroup;
			children = (
			);
			path = Views;
			sourceTree = "<group>";
		};
		D46A3ABE20FE59F100E20EE7 /* Supporting Files */ = {
			isa = PBXGroup;
			children = (
				17DF006120FECDAD00BAB349 /* single arrow.png */,
				5FC18DFE20FD197B008DCEB7 /* Info.plist */,
				D46A3ABB20FE595E00E20EE7 /* GoogleService-Info.plist */,
			);
			path = "Supporting Files";
			sourceTree = "<group>";
		};
		D46A3ABF20FE59FA00E20EE7 /* Storyboards */ = {
			isa = PBXGroup;
			children = (
				5FC18DF620FD1976008DCEB7 /* Main.storyboard */,
				17DF005B20FE90B300BAB349 /* Login.storyboard */,
				17DF005D20FE910200BAB349 /* LaunchScreen.storyboard */,
				17DF005F20FE961C00BAB349 /* Intern-Job-Listings.storyboard */,
			);
			path = Storyboards;
			sourceTree = "<group>";
		};
		D46A3AC020FE5A0100E20EE7 /* Services */ = {
			isa = PBXGroup;
			children = (
			);
			path = Services;
			sourceTree = "<group>";
		};
		D46A3AC120FE5A0800E20EE7 /* Models */ = {
			isa = PBXGroup;
			children = (
			);
			path = Models;
			sourceTree = "<group>";
		};
		D46A3AC220FE5A1000E20EE7 /* Helpers */ = {
			isa = PBXGroup;
			children = (
			);
			path = Helpers;
			sourceTree = "<group>";
		};
		D46A3AC320FE5A1400E20EE7 /* Extensions */ = {
			isa = PBXGroup;
			children = (
			);
			path = Extensions;
			sourceTree = "<group>";
		};
		D46A3AC420FE5A1D00E20EE7 /* Controllers */ = {
			isa = PBXGroup;
			children = (
				5FC18DF420FD1976008DCEB7 /* ViewController.swift */,
				170B8AEF20FE69D900989FB3 /* LoginViewController.swift */,
			);
			path = Controllers;
			sourceTree = "<group>";
		};
/* End PBXGroup section */

/* Begin PBXNativeTarget section */
		5FC18DEE20FD1976008DCEB7 /* Internie */ = {
			isa = PBXNativeTarget;
			buildConfigurationList = 5FC18E0120FD197B008DCEB7 /* Build configuration list for PBXNativeTarget "Internie" */;
			buildPhases = (
				F6DD0A413AE41980C3925BF1 /* [CP] Check Pods Manifest.lock */,
				5FC18DEB20FD1976008DCEB7 /* Sources */,
				5FC18DEC20FD1976008DCEB7 /* Frameworks */,
				5FC18DED20FD1976008DCEB7 /* Resources */,
				D152F7151723DE0BA9EE30B4 /* [CP] Embed Pods Frameworks */,
				7A55D927ED4D380A80F025D9 /* [CP] Copy Pods Resources */,
			);
			buildRules = (
			);
			dependencies = (
			);
			name = Internie;
			productName = Internie;
			productReference = 5FC18DEF20FD1976008DCEB7 /* Internie.app */;
			productType = "com.apple.product-type.application";
		};
/* End PBXNativeTarget section */

/* Begin PBXProject section */
		5FC18DE720FD1975008DCEB7 /* Project object */ = {
			isa = PBXProject;
			attributes = {
				LastSwiftUpdateCheck = 0940;
				LastUpgradeCheck = 0940;
				ORGANIZATIONNAME = InternFinder;
				TargetAttributes = {
					5FC18DEE20FD1976008DCEB7 = {
						CreatedOnToolsVersion = 9.4.1;
					};
				};
			};
			buildConfigurationList = 5FC18DEA20FD1975008DCEB7 /* Build configuration list for PBXProject "Internie" */;
			compatibilityVersion = "Xcode 9.3";
			developmentRegion = en;
			hasScannedForEncodings = 0;
			knownRegions = (
				en,
				Base,
			);
			mainGroup = 5FC18DE620FD1975008DCEB7;
			productRefGroup = 5FC18DF020FD1976008DCEB7 /* Products */;
			projectDirPath = "";
			projectRoot = "";
			targets = (
				5FC18DEE20FD1976008DCEB7 /* Internie */,
			);
		};
/* End PBXProject section */

/* Begin PBXResourcesBuildPhase section */
		5FC18DED20FD1976008DCEB7 /* Resources */ = {
			isa = PBXResourcesBuildPhase;
			buildActionMask = 2147483647;
			files = (
				D46A3ABC20FE595E00E20EE7 /* GoogleService-Info.plist in Resources */,
				5FC18DFA20FD197B008DCEB7 /* Assets.xcassets in Resources */,
				17DF005C20FE90B300BAB349 /* Login.storyboard in Resources */,
				17DF006020FE961C00BAB349 /* Intern-Job-Listings.storyboard in Resources */,
				17DF005E20FE910200BAB349 /* LaunchScreen.storyboard in Resources */,
				17DF006220FECDAD00BAB349 /* single arrow.png in Resources */,
				5FC18DF820FD1976008DCEB7 /* Main.storyboard in Resources */,
			);
			runOnlyForDeploymentPostprocessing = 0;
		};
/* End PBXResourcesBuildPhase section */

/* Begin PBXShellScriptBuildPhase section */
		7A55D927ED4D380A80F025D9 /* [CP] Copy Pods Resources */ = {
			isa = PBXShellScriptBuildPhase;
			buildActionMask = 2147483647;
			files = (
			);
			inputPaths = (
				"${SRCROOT}/Pods/Target Support Files/Pods-Internie/Pods-Internie-resources.sh",
				"${PODS_CONFIGURATION_BUILD_DIR}/FirebaseUI/FirebaseAuthUI.bundle",
			);
			name = "[CP] Copy Pods Resources";
			outputPaths = (
				"${TARGET_BUILD_DIR}/${UNLOCALIZED_RESOURCES_FOLDER_PATH}/FirebaseAuthUI.bundle",
			);
			runOnlyForDeploymentPostprocessing = 0;
			shellPath = /bin/sh;
			shellScript = "\"${SRCROOT}/Pods/Target Support Files/Pods-Internie/Pods-Internie-resources.sh\"\n";
			showEnvVarsInLog = 0;
		};
		D152F7151723DE0BA9EE30B4 /* [CP] Embed Pods Frameworks */ = {
			isa = PBXShellScriptBuildPhase;
			buildActionMask = 2147483647;
			files = (
			);
			inputPaths = (
				"${SRCROOT}/Pods/Target Support Files/Pods-Internie/Pods-Internie-frameworks.sh",
				"${BUILT_PRODUCTS_DIR}/GTMSessionFetcher/GTMSessionFetcher.framework",
				"${BUILT_PRODUCTS_DIR}/GoogleToolboxForMac/GoogleToolboxForMac.framework",
				"${BUILT_PRODUCTS_DIR}/leveldb-library/leveldb.framework",
				"${BUILT_PRODUCTS_DIR}/nanopb/nanopb.framework",
			);
			name = "[CP] Embed Pods Frameworks";
			outputPaths = (
				"${TARGET_BUILD_DIR}/${FRAMEWORKS_FOLDER_PATH}/GTMSessionFetcher.framework",
				"${TARGET_BUILD_DIR}/${FRAMEWORKS_FOLDER_PATH}/GoogleToolboxForMac.framework",
				"${TARGET_BUILD_DIR}/${FRAMEWORKS_FOLDER_PATH}/leveldb.framework",
				"${TARGET_BUILD_DIR}/${FRAMEWORKS_FOLDER_PATH}/nanopb.framework",
			);
			runOnlyForDeploymentPostprocessing = 0;
			shellPath = /bin/sh;
			shellScript = "\"${SRCROOT}/Pods/Target Support Files/Pods-Internie/Pods-Internie-frameworks.sh\"\n";
			showEnvVarsInLog = 0;
		};
		F6DD0A413AE41980C3925BF1 /* [CP] Check Pods Manifest.lock */ = {
			isa = PBXShellScriptBuildPhase;
			buildActionMask = 2147483647;
			files = (
			);
			inputPaths = (
				"${PODS_PODFILE_DIR_PATH}/Podfile.lock",
				"${PODS_ROOT}/Manifest.lock",
			);
			name = "[CP] Check Pods Manifest.lock";
			outputPaths = (
				"$(DERIVED_FILE_DIR)/Pods-Internie-checkManifestLockResult.txt",
			);
			runOnlyForDeploymentPostprocessing = 0;
			shellPath = /bin/sh;
			shellScript = "diff \"${PODS_PODFILE_DIR_PATH}/Podfile.lock\" \"${PODS_ROOT}/Manifest.lock\" > /dev/null\nif [ $? != 0 ] ; then\n    # print error to STDERR\n    echo \"error: The sandbox is not in sync with the Podfile.lock. Run 'pod install' or update your CocoaPods installation.\" >&2\n    exit 1\nfi\n# This output is used by Xcode 'outputs' to avoid re-running this script phase.\necho \"SUCCESS\" > \"${SCRIPT_OUTPUT_FILE_0}\"\n";
			showEnvVarsInLog = 0;
		};
/* End PBXShellScriptBuildPhase section */

/* Begin PBXSourcesBuildPhase section */
		5FC18DEB20FD1976008DCEB7 /* Sources */ = {
			isa = PBXSourcesBuildPhase;
			buildActionMask = 2147483647;
			files = (
				170B8AF020FE69D900989FB3 /* LoginViewController.swift in Sources */,
				5FC18DF520FD1976008DCEB7 /* ViewController.swift in Sources */,
				5FC18DF320FD1976008DCEB7 /* AppDelegate.swift in Sources */,
			);
			runOnlyForDeploymentPostprocessing = 0;
		};
/* End PBXSourcesBuildPhase section */

/* Begin PBXVariantGroup section */
		5FC18DF620FD1976008DCEB7 /* Main.storyboard */ = {
			isa = PBXVariantGroup;
			children = (
				5FC18DF720FD1976008DCEB7 /* Base */,
			);
			name = Main.storyboard;
			sourceTree = "<group>";
		};
/* End PBXVariantGroup section */

/* Begin XCBuildConfiguration section */
		5FC18DFF20FD197B008DCEB7 /* Debug */ = {
			isa = XCBuildConfiguration;
			buildSettings = {
				ALWAYS_SEARCH_USER_PATHS = NO;
				CLANG_ANALYZER_NONNULL = YES;
				CLANG_ANALYZER_NUMBER_OBJECT_CONVERSION = YES_AGGRESSIVE;
				CLANG_CXX_LANGUAGE_STANDARD = "gnu++14";
				CLANG_CXX_LIBRARY = "libc++";
				CLANG_ENABLE_MODULES = YES;
				CLANG_ENABLE_OBJC_ARC = YES;
				CLANG_ENABLE_OBJC_WEAK = YES;
				CLANG_WARN_BLOCK_CAPTURE_AUTORELEASING = YES;
				CLANG_WARN_BOOL_CONVERSION = YES;
				CLANG_WARN_COMMA = YES;
				CLANG_WARN_CONSTANT_CONVERSION = YES;
				CLANG_WARN_DEPRECATED_OBJC_IMPLEMENTATIONS = YES;
				CLANG_WARN_DIRECT_OBJC_ISA_USAGE = YES_ERROR;
				CLANG_WARN_DOCUMENTATION_COMMENTS = YES;
				CLANG_WARN_EMPTY_BODY = YES;
				CLANG_WARN_ENUM_CONVERSION = YES;
				CLANG_WARN_INFINITE_RECURSION = YES;
				CLANG_WARN_INT_CONVERSION = YES;
				CLANG_WARN_NON_LITERAL_NULL_CONVERSION = YES;
				CLANG_WARN_OBJC_IMPLICIT_RETAIN_SELF = YES;
				CLANG_WARN_OBJC_LITERAL_CONVERSION = YES;
				CLANG_WARN_OBJC_ROOT_CLASS = YES_ERROR;
				CLANG_WARN_RANGE_LOOP_ANALYSIS = YES;
				CLANG_WARN_STRICT_PROTOTYPES = YES;
				CLANG_WARN_SUSPICIOUS_MOVE = YES;
				CLANG_WARN_UNGUARDED_AVAILABILITY = YES_AGGRESSIVE;
				CLANG_WARN_UNREACHABLE_CODE = YES;
				CLANG_WARN__DUPLICATE_METHOD_MATCH = YES;
				CODE_SIGN_IDENTITY = "iPhone Developer";
				COPY_PHASE_STRIP = NO;
				DEBUG_INFORMATION_FORMAT = dwarf;
				ENABLE_STRICT_OBJC_MSGSEND = YES;
				ENABLE_TESTABILITY = YES;
				GCC_C_LANGUAGE_STANDARD = gnu11;
				GCC_DYNAMIC_NO_PIC = NO;
				GCC_NO_COMMON_BLOCKS = YES;
				GCC_OPTIMIZATION_LEVEL = 0;
				GCC_PREPROCESSOR_DEFINITIONS = (
					"DEBUG=1",
					"$(inherited)",
				);
				GCC_WARN_64_TO_32_BIT_CONVERSION = YES;
				GCC_WARN_ABOUT_RETURN_TYPE = YES_ERROR;
				GCC_WARN_UNDECLARED_SELECTOR = YES;
				GCC_WARN_UNINITIALIZED_AUTOS = YES_AGGRESSIVE;
				GCC_WARN_UNUSED_FUNCTION = YES;
				GCC_WARN_UNUSED_VARIABLE = YES;
				IPHONEOS_DEPLOYMENT_TARGET = 11.4;
				MTL_ENABLE_DEBUG_INFO = YES;
				ONLY_ACTIVE_ARCH = YES;
				SDKROOT = iphoneos;
				SWIFT_ACTIVE_COMPILATION_CONDITIONS = DEBUG;
				SWIFT_OPTIMIZATION_LEVEL = "-Onone";
			};
			name = Debug;
		};
		5FC18E0020FD197B008DCEB7 /* Release */ = {
			isa = XCBuildConfiguration;
			buildSettings = {
				ALWAYS_SEARCH_USER_PATHS = NO;
				CLANG_ANALYZER_NONNULL = YES;
				CLANG_ANALYZER_NUMBER_OBJECT_CONVERSION = YES_AGGRESSIVE;
				CLANG_CXX_LANGUAGE_STANDARD = "gnu++14";
				CLANG_CXX_LIBRARY = "libc++";
				CLANG_ENABLE_MODULES = YES;
				CLANG_ENABLE_OBJC_ARC = YES;
				CLANG_ENABLE_OBJC_WEAK = YES;
				CLANG_WARN_BLOCK_CAPTURE_AUTORELEASING = YES;
				CLANG_WARN_BOOL_CONVERSION = YES;
				CLANG_WARN_COMMA = YES;
				CLANG_WARN_CONSTANT_CONVERSION = YES;
				CLANG_WARN_DEPRECATED_OBJC_IMPLEMENTATIONS = YES;
				CLANG_WARN_DIRECT_OBJC_ISA_USAGE = YES_ERROR;
				CLANG_WARN_DOCUMENTATION_COMMENTS = YES;
				CLANG_WARN_EMPTY_BODY = YES;
				CLANG_WARN_ENUM_CONVERSION = YES;
				CLANG_WARN_INFINITE_RECURSION = YES;
				CLANG_WARN_INT_CONVERSION = YES;
				CLANG_WARN_NON_LITERAL_NULL_CONVERSION = YES;
				CLANG_WARN_OBJC_IMPLICIT_RETAIN_SELF = YES;
				CLANG_WARN_OBJC_LITERAL_CONVERSION = YES;
				CLANG_WARN_OBJC_ROOT_CLASS = YES_ERROR;
				CLANG_WARN_RANGE_LOOP_ANALYSIS = YES;
				CLANG_WARN_STRICT_PROTOTYPES = YES;
				CLANG_WARN_SUSPICIOUS_MOVE = YES;
				CLANG_WARN_UNGUARDED_AVAILABILITY = YES_AGGRESSIVE;
				CLANG_WARN_UNREACHABLE_CODE = YES;
				CLANG_WARN__DUPLICATE_METHOD_MATCH = YES;
				CODE_SIGN_IDENTITY = "iPhone Developer";
				COPY_PHASE_STRIP = NO;
				DEBUG_INFORMATION_FORMAT = "dwarf-with-dsym";
				ENABLE_NS_ASSERTIONS = NO;
				ENABLE_STRICT_OBJC_MSGSEND = YES;
				GCC_C_LANGUAGE_STANDARD = gnu11;
				GCC_NO_COMMON_BLOCKS = YES;
				GCC_WARN_64_TO_32_BIT_CONVERSION = YES;
				GCC_WARN_ABOUT_RETURN_TYPE = YES_ERROR;
				GCC_WARN_UNDECLARED_SELECTOR = YES;
				GCC_WARN_UNINITIALIZED_AUTOS = YES_AGGRESSIVE;
				GCC_WARN_UNUSED_FUNCTION = YES;
				GCC_WARN_UNUSED_VARIABLE = YES;
				IPHONEOS_DEPLOYMENT_TARGET = 11.4;
				MTL_ENABLE_DEBUG_INFO = NO;
				SDKROOT = iphoneos;
				SWIFT_COMPILATION_MODE = wholemodule;
				SWIFT_OPTIMIZATION_LEVEL = "-O";
				VALIDATE_PRODUCT = YES;
			};
			name = Release;
		};
		5FC18E0220FD197B008DCEB7 /* Debug */ = {
			isa = XCBuildConfiguration;
			baseConfigurationReference = 20D17805D69B65F259BC1B68 /* Pods-Internie.debug.xcconfig */;
			buildSettings = {
				ASSETCATALOG_COMPILER_APPICON_NAME = AppIcon;
				CODE_SIGN_STYLE = Automatic;
				DEVELOPMENT_TEAM = "";
				INFOPLIST_FILE = Internie/Info.plist;
				LD_RUNPATH_SEARCH_PATHS = (
					"$(inherited)",
					"@executable_path/Frameworks",
				);
				PRODUCT_BUNDLE_IDENTIFIER = com.makeschool.Internie;
				PRODUCT_NAME = "$(TARGET_NAME)";
				SWIFT_VERSION = 4.0;
				TARGETED_DEVICE_FAMILY = "1,2";
			};
			name = Debug;
		};
		5FC18E0320FD197B008DCEB7 /* Release */ = {
			isa = XCBuildConfiguration;
			baseConfigurationReference = BD547730F0C35A14AAE0BCE8 /* Pods-Internie.release.xcconfig */;
			buildSettings = {
				ASSETCATALOG_COMPILER_APPICON_NAME = AppIcon;
				CODE_SIGN_STYLE = Automatic;
				DEVELOPMENT_TEAM = "";
				INFOPLIST_FILE = Internie/Info.plist;
				LD_RUNPATH_SEARCH_PATHS = (
					"$(inherited)",
					"@executable_path/Frameworks",
				);
				PRODUCT_BUNDLE_IDENTIFIER = com.makeschool.Internie;
				PRODUCT_NAME = "$(TARGET_NAME)";
				SWIFT_VERSION = 4.0;
				TARGETED_DEVICE_FAMILY = "1,2";
			};
			name = Release;
		};
/* End XCBuildConfiguration section */

/* Begin XCConfigurationList section */
		5FC18DEA20FD1975008DCEB7 /* Build configuration list for PBXProject "Internie" */ = {
			isa = XCConfigurationList;
			buildConfigurations = (
				5FC18DFF20FD197B008DCEB7 /* Debug */,
				5FC18E0020FD197B008DCEB7 /* Release */,
			);
			defaultConfigurationIsVisible = 0;
			defaultConfigurationName = Release;
		};
		5FC18E0120FD197B008DCEB7 /* Build configuration list for PBXNativeTarget "Internie" */ = {
			isa = XCConfigurationList;
			buildConfigurations = (
				5FC18E0220FD197B008DCEB7 /* Debug */,
				5FC18E0320FD197B008DCEB7 /* Release */,
			);
			defaultConfigurationIsVisible = 0;
			defaultConfigurationName = Release;
		};
/* End XCConfigurationList section */
	};
	rootObject = 5FC18DE720FD1975008DCEB7 /* Project object */;
}
